{
  "version": 4,
  "terraform_version": "1.3.5",
  "serial": 223,
  "lineage": "7ca6bc0d-8acd-37da-cd9b-154b303562d3",
  "outputs": {},
  "resources": [
    {
      "module": "module.network-linux",
      "mode": "managed",
      "type": "google_compute_network",
      "name": "this",
      "provider": "provider[\"registry.terraform.io/hashicorp/google\"]",
      "instances": [
        {
          "schema_version": 0,
          "attributes": {
            "auto_create_subnetworks": true,
            "delete_default_routes_on_create": false,
            "description": "Rede para o grupo de máquinas linux",
            "enable_ula_internal_ipv6": false,
            "gateway_ipv4": "",
            "id": "projects/rbs-lab/global/networks/network-linux",
            "internal_ipv6_range": "",
            "mtu": 0,
            "name": "network-linux",
            "project": "rbs-lab",
            "routing_mode": "REGIONAL",
            "self_link": "https://www.googleapis.com/compute/v1/projects/rbs-lab/global/networks/network-linux",
            "timeouts": null
          },
          "sensitive_attributes": [],
          "private": "eyJlMmJmYjczMC1lY2FhLTExZTYtOGY4OC0zNDM2M2JjN2M0YzAiOnsiY3JlYXRlIjoxMjAwMDAwMDAwMDAwLCJkZWxldGUiOjEyMDAwMDAwMDAwMDAsInVwZGF0ZSI6MTIwMDAwMDAwMDAwMH19"
        }
      ]
    }
  ],
  "check_results": null
}
